
Microsoft Visual Studio Solution File, Format Version 12.00
# Visual Studio Version 17
VisualStudioVersion = 17.0.32014.148
MinimumVisualStudioVersion = 10.0.40219.1
Project("{FAE04EC0-301F-11D3-BF4B-00C04F79EFBC}") = "Blockcore.AtomicSwaps.Server", "Blockcore.AtomicSwaps\Server\Blockcore.AtomicSwaps.Server.csproj", "{1C19E7EC-4EC5-406F-BB09-D3EFB66EF464}"
EndProject
Project("{FAE04EC0-301F-11D3-BF4B-00C04F79EFBC}") = "Blockcore.AtomicSwaps.Client", "Blockcore.AtomicSwaps\Client\Blockcore.AtomicSwaps.Client.csproj", "{A384A61A-E30C-4C04-96DB-5148455D6FCD}"
EndProject
Project("{FAE04EC0-301F-11D3-BF4B-00C04F79EFBC}") = "Blockcore.AtomicSwaps.Shared", "Blockcore.AtomicSwaps\Shared\Blockcore.AtomicSwaps.Shared.csproj", "{A78CCC4D-3FA5-4CB4-A88A-7F7C30F072E2}"
EndProject
Global
	GlobalSection(SolutionConfigurationPlatforms) = preSolution
		Debug|Any CPU = Debug|Any CPU
		Release|Any CPU = Release|Any CPU
	EndGlobalSection
	GlobalSection(ProjectConfigurationPlatforms) = postSolution
		{1C19E7EC-4EC5-406F-BB09-D3EFB66EF464}.Debug|Any CPU.ActiveCfg = Debug|Any CPU
		{1C19E7EC-4EC5-406F-BB09-D3EFB66EF464}.Debug|Any CPU.Build.0 = Debug|Any CPU
		{1C19E7EC-4EC5-406F-BB09-D3EFB66EF464}.Release|Any CPU.ActiveCfg = Release|Any CPU
		{1C19E7EC-4EC5-406F-BB09-D3EFB66EF464}.Release|Any CPU.Build.0 = Release|Any CPU
		{A384A61A-E30C-4C04-96DB-5148455D6FCD}.Debug|Any CPU.ActiveCfg = Debug|Any CPU
		{A384A61A-E30C-4C04-96DB-5148455D6FCD}.Debug|Any CPU.Build.0 = Debug|Any CPU
		{A384A61A-E30C-4C04-96DB-5148455D6FCD}.Release|Any CPU.ActiveCfg = Release|Any CPU
		{A384A61A-E30C-4C04-96DB-5148455D6FCD}.Release|Any CPU.Build.0 = Release|Any CPU
		{A78CCC4D-3FA5-4CB4-A88A-7F7C30F072E2}.Debug|Any CPU.ActiveCfg = Debug|Any CPU
		{A78CCC4D-3FA5-4CB4-A88A-7F7C30F072E2}.Debug|Any CPU.Build.0 = Debug|Any CPU
		{A78CCC4D-3FA5-4CB4-A88A-7F7C30F072E2}.Release|Any CPU.ActiveCfg = Release|Any CPU
		{A78CCC4D-3FA5-4CB4-A88A-7F7C30F072E2}.Release|Any CPU.Build.0 = Release|Any CPU
	EndGlobalSection
	GlobalSection(SolutionProperties) = preSolution
		HideSolutionNode = FALSE
	EndGlobalSection
	GlobalSection(ExtensibilityGlobals) = postSolution
		SolutionGuid = {4E63BB75-3610-454D-985B-F494BC626257}
	EndGlobalSection
EndGlobal
